
Microsoft Visual Studio Solution File, Format Version 12.00
# Visual Studio Version 16
VisualStudioVersion = 16.0.30621.155
MinimumVisualStudioVersion = 10.0.40219.1
Project("{9A19103F-16F7-4668-BE54-9A1E7A4F7556}") = "Day1", "Day1\Day1.csproj", "{48EE3DD0-A625-488F-8BD7-7EA38B0394E5}"
EndProject
Project("{9A19103F-16F7-4668-BE54-9A1E7A4F7556}") = "day2", "day2\day2.csproj", "{B287C8F4-81E0-4E6A-8C3C-FAAF0493191F}"
EndProject
Project("{9A19103F-16F7-4668-BE54-9A1E7A4F7556}") = "Extensions", "Extensions\Extensions.csproj", "{FF94732F-3DF1-4392-806D-0B367C19A2F4}"
EndProject
Project("{9A19103F-16F7-4668-BE54-9A1E7A4F7556}") = "Day3", "Day3\Day3.csproj", "{817C4A9F-FDA1-44CB-B1FE-D16A3329217B}"
EndProject
Project("{9A19103F-16F7-4668-BE54-9A1E7A4F7556}") = "Day4", "Day4\Day4.csproj", "{69938D42-AB59-4A79-9415-6B04224E4D84}"
EndProject
Project("{FAE04EC0-301F-11D3-BF4B-00C04F79EFBC}") = "Day5", "Day5\Day5.csproj", "{21BA3ED6-D538-46E2-86F3-4640E2A91688}"
EndProject
Global
	GlobalSection(SolutionConfigurationPlatforms) = preSolution
		Debug|Any CPU = Debug|Any CPU
		Release|Any CPU = Release|Any CPU
	EndGlobalSection
	GlobalSection(ProjectConfigurationPlatforms) = postSolution
		{48EE3DD0-A625-488F-8BD7-7EA38B0394E5}.Debug|Any CPU.ActiveCfg = Debug|Any CPU
		{48EE3DD0-A625-488F-8BD7-7EA38B0394E5}.Debug|Any CPU.Build.0 = Debug|Any CPU
		{48EE3DD0-A625-488F-8BD7-7EA38B0394E5}.Release|Any CPU.ActiveCfg = Release|Any CPU
		{48EE3DD0-A625-488F-8BD7-7EA38B0394E5}.Release|Any CPU.Build.0 = Release|Any CPU
		{B287C8F4-81E0-4E6A-8C3C-FAAF0493191F}.Debug|Any CPU.ActiveCfg = Debug|Any CPU
		{B287C8F4-81E0-4E6A-8C3C-FAAF0493191F}.Debug|Any CPU.Build.0 = Debug|Any CPU
		{B287C8F4-81E0-4E6A-8C3C-FAAF0493191F}.Release|Any CPU.ActiveCfg = Release|Any CPU
		{B287C8F4-81E0-4E6A-8C3C-FAAF0493191F}.Release|Any CPU.Build.0 = Release|Any CPU
		{FF94732F-3DF1-4392-806D-0B367C19A2F4}.Debug|Any CPU.ActiveCfg = Debug|Any CPU
		{FF94732F-3DF1-4392-806D-0B367C19A2F4}.Debug|Any CPU.Build.0 = Debug|Any CPU
		{FF94732F-3DF1-4392-806D-0B367C19A2F4}.Release|Any CPU.ActiveCfg = Release|Any CPU
		{FF94732F-3DF1-4392-806D-0B367C19A2F4}.Release|Any CPU.Build.0 = Release|Any CPU
		{817C4A9F-FDA1-44CB-B1FE-D16A3329217B}.Debug|Any CPU.ActiveCfg = Debug|Any CPU
		{817C4A9F-FDA1-44CB-B1FE-D16A3329217B}.Debug|Any CPU.Build.0 = Debug|Any CPU
		{817C4A9F-FDA1-44CB-B1FE-D16A3329217B}.Release|Any CPU.ActiveCfg = Release|Any CPU
		{817C4A9F-FDA1-44CB-B1FE-D16A3329217B}.Release|Any CPU.Build.0 = Release|Any CPU
		{69938D42-AB59-4A79-9415-6B04224E4D84}.Debug|Any CPU.ActiveCfg = Debug|Any CPU
		{69938D42-AB59-4A79-9415-6B04224E4D84}.Debug|Any CPU.Build.0 = Debug|Any CPU
		{69938D42-AB59-4A79-9415-6B04224E4D84}.Release|Any CPU.ActiveCfg = Release|Any CPU
		{69938D42-AB59-4A79-9415-6B04224E4D84}.Release|Any CPU.Build.0 = Release|Any CPU
		{21BA3ED6-D538-46E2-86F3-4640E2A91688}.Debug|Any CPU.ActiveCfg = Debug|Any CPU
		{21BA3ED6-D538-46E2-86F3-4640E2A91688}.Debug|Any CPU.Build.0 = Debug|Any CPU
		{21BA3ED6-D538-46E2-86F3-4640E2A91688}.Release|Any CPU.ActiveCfg = Release|Any CPU
		{21BA3ED6-D538-46E2-86F3-4640E2A91688}.Release|Any CPU.Build.0 = Release|Any CPU
	EndGlobalSection
	GlobalSection(SolutionProperties) = preSolution
		HideSolutionNode = FALSE
	EndGlobalSection
	GlobalSection(ExtensibilityGlobals) = postSolution
		SolutionGuid = {B07222D1-D4B8-449D-8FCC-67C09A9E2918}
	EndGlobalSection
EndGlobal
